<?xml version="1.0" encoding="utf-8"?>
<Project ToolsVersion="4.0" xmlns="http://schemas.microsoft.com/developer/msbuild/2003">
  <ItemGroup>
    <ClCompile Include="src\ChromaConvert.cpp">
      <Filter>src</Filter>
    </ClCompile>
    <ClCompile Include="src\ChromaConvertYUV.cpp">
      <Filter>src</Filter>
    </ClCompile>
    <ClCompile Include="src\ProjectParameters.cpp">
      <Filter>src</Filter>
    </ClCompile>
  </ItemGroup>
  <ItemGroup>
    <ClInclude Include="inc\ChromaConvert.H">
      <Filter>inc</Filter>
    </ClInclude>
    <ClInclude Include="inc\ChromaConvertYUV.H">
      <Filter>inc</Filter>
    </ClInclude>
    <ClInclude Include="inc\ProjectParameters.H">
      <Filter>inc</Filter>
    </ClInclude>
  </ItemGroup>
  <ItemGroup>
    <Filter Include="src">
      <UniqueIdentifier>{68bef889-26f2-48a8-8552-91ac773fae76}</UniqueIdentifier>
    </Filter>
    <Filter Include="inc">
      <UniqueIdentifier>{84fbbae1-56d3-4b6e-b690-fa16210775cd}</UniqueIdentifier>
    </Filter>
  </ItemGroup>
</Project>